
Microsoft Visual Studio Solution File, Format Version 12.00
# Visual Studio Version 17
VisualStudioVersion = 17.11.35005.142
MinimumVisualStudioVersion = 10.0.40219.1
Project("{FAE04EC0-301F-11D3-BF4B-00C04F79EFBC}") = "DotNet8WebApi.TwilioExample", "DotNet8WebApi.TwilioExample\DotNet8WebApi.TwilioExample.csproj", "{8702FD8B-FD66-4ACA-B055-3BF5823FD58F}"
EndProject
Global
	GlobalSection(SolutionConfigurationPlatforms) = preSolution
		Debug|Any CPU = Debug|Any CPU
		Release|Any CPU = Release|Any CPU
	EndGlobalSection
	GlobalSection(ProjectConfigurationPlatforms) = postSolution
		{8702FD8B-FD66-4ACA-B055-3BF5823FD58F}.Debug|Any CPU.ActiveCfg = Debug|Any CPU
		{8702FD8B-FD66-4ACA-B055-3BF5823FD58F}.Debug|Any CPU.Build.0 = Debug|Any CPU
		{8702FD8B-FD66-4ACA-B055-3BF5823FD58F}.Release|Any CPU.ActiveCfg = Release|Any CPU
		{8702FD8B-FD66-4ACA-B055-3BF5823FD58F}.Release|Any CPU.Build.0 = Release|Any CPU
	EndGlobalSection
	GlobalSection(SolutionProperties) = preSolution
		HideSolutionNode = FALSE
	EndGlobalSection
	GlobalSection(ExtensibilityGlobals) = postSolution
		SolutionGuid = {A8F818E3-C4B7-4816-84AB-6DC732B98020}
	EndGlobalSection
EndGlobal
